{
  "name": "panoramafocus-palindrome",
  "version": "0.1.0",
  "lockfileVersion": 3,
  "requires": true,
  "packages": {
    "": {
      "name": "panoramafocus-palindrome",
      "version": "0.1.0",
      "license": "ISC",
      "dependencies": {
        "panoramafocus-palindrome": "^0.1.0"
      }
    },
    "node_modules/panoramafocus-palindrome": {
      "version": "0.1.0",
      "resolved": "https://registry.npmjs.org/panoramafocus-palindrome/-/panoramafocus-palindrome-0.1.0.tgz",
      "integrity": "sha512-R9GNmcKIsSQHWzqLrp9arEq3c1Mahyz5q17QChEboUudNP1nAe6UqEuHQbV9GSNJ0JUFobP7Qfnd7k55ViWQsA=="
    }
  }
}
